// !$*UTF8*$!
{
	archiveVersion = 1;
	classes = {
	};
	objectVersion = 46;
	objects = {

/* Begin PBXBuildFile section */
		06127EE11DAB0AFEF6DA3734 /* Pods_QQZero.framework in Frameworks */ = {isa = PBXBuildFile; fileRef = 34155895648939DD7DD8647A /* Pods_QQZero.framework */; };
		C0FD034B1F245E6500927AAC /* AppDelegate.swift in Sources */ = {isa = PBXBuildFile; fileRef = C0FD034A1F245E6500927AAC /* AppDelegate.swift */; };
		C0FD034D1F245E6500927AAC /* LoginViewController.swift in Sources */ = {isa = PBXBuildFile; fileRef = C0FD034C1F245E6500927AAC /* LoginViewController.swift */; };
		C0FD03501F245E6500927AAC /* Main.storyboard in Resources */ = {isa = PBXBuildFile; fileRef = C0FD034E1F245E6500927AAC /* Main.storyboard */; };
		C0FD03521F245E6500927AAC /* Assets.xcassets in Resources */ = {isa = PBXBuildFile; fileRef = C0FD03511F245E6500927AAC /* Assets.xcassets */; };
		C0FD03551F245E6500927AAC /* LaunchScreen.storyboard in Resources */ = {isa = PBXBuildFile; fileRef = C0FD03531F245E6500927AAC /* LaunchScreen.storyboard */; };
		C0FD03701F24600700927AAC /* Array+Extension.swift in Sources */ = {isa = PBXBuildFile; fileRef = C0FD035E1F24600700927AAC /* Array+Extension.swift */; };
		C0FD03711F24600700927AAC /* CALayer+Extension.swift in Sources */ = {isa = PBXBuildFile; fileRef = C0FD035F1F24600700927AAC /* CALayer+Extension.swift */; };
		C0FD03721F24600700927AAC /* NSObject+Extension.swift in Sources */ = {isa = PBXBuildFile; fileRef = C0FD03601F24600700927AAC /* NSObject+Extension.swift */; };
		C0FD03731F24600700927AAC /* String+Extension.swift in Sources */ = {isa = PBXBuildFile; fileRef = C0FD03611F24600700927AAC /* String+Extension.swift */; };
		C0FD03741F24600700927AAC /* UIAlertView+Extension.swift in Sources */ = {isa = PBXBuildFile; fileRef = C0FD03621F24600700927AAC /* UIAlertView+Extension.swift */; };
		C0FD03751F24600700927AAC /* UIBUtton+Extension.swift in Sources */ = {isa = PBXBuildFile; fileRef = C0FD03631F24600700927AAC /* UIBUtton+Extension.swift */; };
		C0FD03761F24600700927AAC /* UIColor+Extension.swift in Sources */ = {isa = PBXBuildFile; fileRef = C0FD03641F24600700927AAC /* UIColor+Extension.swift */; };
		C0FD03771F24600700927AAC /* UIImage+Extension.swift in Sources */ = {isa = PBXBuildFile; fileRef = C0FD03651F24600700927AAC /* UIImage+Extension.swift */; };
		C0FD03781F24600700927AAC /* UIImageView+Extension.swift in Sources */ = {isa = PBXBuildFile; fileRef = C0FD03661F24600700927AAC /* UIImageView+Extension.swift */; };
		C0FD03791F24600700927AAC /* UILabel+Extension.swift in Sources */ = {isa = PBXBuildFile; fileRef = C0FD03671F24600700927AAC /* UILabel+Extension.swift */; };
		C0FD037A1F24600700927AAC /* UIView+Extension.swift in Sources */ = {isa = PBXBuildFile; fileRef = C0FD03681F24600700927AAC /* UIView+Extension.swift */; };
		C0FD037B1F24600700927AAC /* UIViewController+Extension.swift in Sources */ = {isa = PBXBuildFile; fileRef = C0FD03691F24600700927AAC /* UIViewController+Extension.swift */; };
		C0FD037C1F24600700927AAC /* Constant.swift in Sources */ = {isa = PBXBuildFile; fileRef = C0FD036A1F24600700927AAC /* Constant.swift */; };
		C0FD037D1F24600700927AAC /* CornersLabel.swift in Sources */ = {isa = PBXBuildFile; fileRef = C0FD036C1F24600700927AAC /* CornersLabel.swift */; };
		C0FD037E1F24600700927AAC /* MGButton.swift in Sources */ = {isa = PBXBuildFile; fileRef = C0FD036D1F24600700927AAC /* MGButton.swift */; };
		C0FD037F1F24600700927AAC /* MoreButton.swift in Sources */ = {isa = PBXBuildFile; fileRef = C0FD036E1F24600700927AAC /* MoreButton.swift */; };
		C0FD03801F24600700927AAC /* TitleButton.swift in Sources */ = {isa = PBXBuildFile; fileRef = C0FD036F1F24600700927AAC /* TitleButton.swift */; };
		C0FD03851F2464D600927AAC /* MGDockView.swift in Sources */ = {isa = PBXBuildFile; fileRef = C0FD03841F2464D600927AAC /* MGDockView.swift */; };
		C0FD03871F24722E00927AAC /* MGIconView.swift in Sources */ = {isa = PBXBuildFile; fileRef = C0FD03861F24722E00927AAC /* MGIconView.swift */; };
		C0FD03891F24723E00927AAC /* MGTabBar.swift in Sources */ = {isa = PBXBuildFile; fileRef = C0FD03881F24723E00927AAC /* MGTabBar.swift */; };
		C0FD038B1F24724800927AAC /* MGToolBar.swift in Sources */ = {isa = PBXBuildFile; fileRef = C0FD038A1F24724800927AAC /* MGToolBar.swift */; };
		C0FD038D1F247C9300927AAC /* MGTabBarButton.swift in Sources */ = {isa = PBXBuildFile; fileRef = C0FD038C1F247C9300927AAC /* MGTabBarButton.swift */; };
		C0FD03901F2493AF00927AAC /* HomeViewController.swift in Sources */ = {isa = PBXBuildFile; fileRef = C0FD038F1F2493AF00927AAC /* HomeViewController.swift */; };
		C0FD03941F2493FB00927AAC /* Mine.storyboard in Resources */ = {isa = PBXBuildFile; fileRef = C0FD03911F2493FB00927AAC /* Mine.storyboard */; };
		C0FD03951F2493FB00927AAC /* MineViewController.swift in Sources */ = {isa = PBXBuildFile; fileRef = C0FD03921F2493FB00927AAC /* MineViewController.swift */; };
		C0FD03961F2493FB00927AAC /* QRCodeViewController.swift in Sources */ = {isa = PBXBuildFile; fileRef = C0FD03931F2493FB00927AAC /* QRCodeViewController.swift */; };
		C0FD039A1F24952A00927AAC /* SBTools.swift in Sources */ = {isa = PBXBuildFile; fileRef = C0FD03981F24952A00927AAC /* SBTools.swift */; };
		C0FD039B1F24952A00927AAC /* SaveTools.swift in Sources */ = {isa = PBXBuildFile; fileRef = C0FD03991F24952A00927AAC /* SaveTools.swift */; };
		C0FD039F1F249A9A00927AAC /* MGWelcomeViewController.swift in Sources */ = {isa = PBXBuildFile; fileRef = C0FD039E1F249A9900927AAC /* MGWelcomeViewController.swift */; };
		C0FD03A11F249AD000927AAC /* MGWelcomeAVPlayerViewController.swift in Sources */ = {isa = PBXBuildFile; fileRef = C0FD03A01F249AD000927AAC /* MGWelcomeAVPlayerViewController.swift */; };
		C0FD03A61F249BC700927AAC /* login_video.mp4 in Resources */ = {isa = PBXBuildFile; fileRef = C0FD03A21F249BC700927AAC /* login_video.mp4 */; };
		C0FD03A71F249BC700927AAC /* opening_long.mp4 in Resources */ = {isa = PBXBuildFile; fileRef = C0FD03A31F249BC700927AAC /* opening_long.mp4 */; };
		C0FD03A81F249BC700927AAC /* loginmovie.mp4 in Resources */ = {isa = PBXBuildFile; fileRef = C0FD03A41F249BC700927AAC /* loginmovie.mp4 */; };
		C0FD03A91F249BC700927AAC /* qidong.mp4 in Resources */ = {isa = PBXBuildFile; fileRef = C0FD03A51F249BC700927AAC /* qidong.mp4 */; };
/* End PBXBuildFile section */

/* Begin PBXFileReference section */
		0EB0AF59927D6B4E84556F25 /* Pods-QQZero.debug.xcconfig */ = {isa = PBXFileReference; includeInIndex = 1; lastKnownFileType = text.xcconfig; name = "Pods-QQZero.debug.xcconfig"; path = "Pods/Target Support Files/Pods-QQZero/Pods-QQZero.debug.xcconfig"; sourceTree = "<group>"; };
		34155895648939DD7DD8647A /* Pods_QQZero.framework */ = {isa = PBXFileReference; explicitFileType = wrapper.framework; includeInIndex = 0; path = Pods_QQZero.framework; sourceTree = BUILT_PRODUCTS_DIR; };
		C0FD03471F245E6500927AAC /* QQZero.app */ = {isa = PBXFileReference; explicitFileType = wrapper.application; includeInIndex = 0; path = QQZero.app; sourceTree = BUILT_PRODUCTS_DIR; };
		C0FD034A1F245E6500927AAC /* AppDelegate.swift */ = {isa = PBXFileReference; lastKnownFileType = sourcecode.swift; path = AppDelegate.swift; sourceTree = "<group>"; };
		C0FD034C1F245E6500927AAC /* LoginViewController.swift */ = {isa = PBXFileReference; lastKnownFileType = sourcecode.swift; path = LoginViewController.swift; sourceTree = "<group>"; };
		C0FD034F1F245E6500927AAC /* Base */ = {isa = PBXFileReference; lastKnownFileType = file.storyboard; name = Base; path = Base.lproj/Main.storyboard; sourceTree = "<group>"; };
		C0FD03511F245E6500927AAC /* Assets.xcassets */ = {isa = PBXFileReference; lastKnownFileType = folder.assetcatalog; path = Assets.xcassets; sourceTree = "<group>"; };
		C0FD03541F245E6500927AAC /* Base */ = {isa = PBXFileReference; lastKnownFileType = file.storyboard; name = Base; path = Base.lproj/LaunchScreen.storyboard; sourceTree = "<group>"; };
		C0FD03561F245E6500927AAC /* Info.plist */ = {isa = PBXFileReference; lastKnownFileType = text.plist.xml; path = Info.plist; sourceTree = "<group>"; };
		C0FD035E1F24600700927AAC /* Array+Extension.swift */ = {isa = PBXFileReference; fileEncoding = 4; lastKnownFileType = sourcecode.swift; path = "Array+Extension.swift"; sourceTree = "<group>"; };
		C0FD035F1F24600700927AAC /* CALayer+Extension.swift */ = {isa = PBXFileReference; fileEncoding = 4; lastKnownFileType = sourcecode.swift; path = "CALayer+Extension.swift"; sourceTree = "<group>"; };
		C0FD03601F24600700927AAC /* NSObject+Extension.swift */ = {isa = PBXFileReference; fileEncoding = 4; lastKnownFileType = sourcecode.swift; path = "NSObject+Extension.swift"; sourceTree = "<group>"; };
		C0FD03611F24600700927AAC /* String+Extension.swift */ = {isa = PBXFileReference; fileEncoding = 4; lastKnownFileType = sourcecode.swift; path = "String+Extension.swift"; sourceTree = "<group>"; };
		C0FD03621F24600700927AAC /* UIAlertView+Extension.swift */ = {isa = PBXFileReference; fileEncoding = 4; lastKnownFileType = sourcecode.swift; path = "UIAlertView+Extension.swift"; sourceTree = "<group>"; };
		C0FD03631F24600700927AAC /* UIBUtton+Extension.swift */ = {isa = PBXFileReference; fileEncoding = 4; lastKnownFileType = sourcecode.swift; path = "UIBUtton+Extension.swift"; sourceTree = "<group>"; };
		C0FD03641F24600700927AAC /* UIColor+Extension.swift */ = {isa = PBXFileReference; fileEncoding = 4; lastKnownFileType = sourcecode.swift; path = "UIColor+Extension.swift"; sourceTree = "<group>"; };
		C0FD03651F24600700927AAC /* UIImage+Extension.swift */ = {isa = PBXFileReference; fileEncoding = 4; lastKnownFileType = sourcecode.swift; path = "UIImage+Extension.swift"; sourceTree = "<group>"; };
		C0FD03661F24600700927AAC /* UIImageView+Extension.swift */ = {isa = PBXFileReference; fileEncoding = 4; lastKnownFileType = sourcecode.swift; path = "UIImageView+Extension.swift"; sourceTree = "<group>"; };
		C0FD03671F24600700927AAC /* UILabel+Extension.swift */ = {isa = PBXFileReference; fileEncoding = 4; lastKnownFileType = sourcecode.swift; path = "UILabel+Extension.swift"; sourceTree = "<group>"; };
		C0FD03681F24600700927AAC /* UIView+Extension.swift */ = {isa = PBXFileReference; fileEncoding = 4; lastKnownFileType = sourcecode.swift; path = "UIView+Extension.swift"; sourceTree = "<group>"; };
		C0FD03691F24600700927AAC /* UIViewController+Extension.swift */ = {isa = PBXFileReference; fileEncoding = 4; lastKnownFileType = sourcecode.swift; path = "UIViewController+Extension.swift"; sourceTree = "<group>"; };
		C0FD036A1F24600700927AAC /* Constant.swift */ = {isa = PBXFileReference; fileEncoding = 4; lastKnownFileType = sourcecode.swift; path = Constant.swift; sourceTree = "<group>"; };
		C0FD036C1F24600700927AAC /* CornersLabel.swift */ = {isa = PBXFileReference; fileEncoding = 4; lastKnownFileType = sourcecode.swift; path = CornersLabel.swift; sourceTree = "<group>"; };
		C0FD036D1F24600700927AAC /* MGButton.swift */ = {isa = PBXFileReference; fileEncoding = 4; lastKnownFileType = sourcecode.swift; path = MGButton.swift; sourceTree = "<group>"; };
		C0FD036E1F24600700927AAC /* MoreButton.swift */ = {isa = PBXFileReference; fileEncoding = 4; lastKnownFileType = sourcecode.swift; path = MoreButton.swift; sourceTree = "<group>"; };
		C0FD036F1F24600700927AAC /* TitleButton.swift */ = {isa = PBXFileReference; fileEncoding = 4; lastKnownFileType = sourcecode.swift; path = TitleButton.swift; sourceTree = "<group>"; };
		C0FD03841F2464D600927AAC /* MGDockView.swift */ = {isa = PBXFileReference; fileEncoding = 4; lastKnownFileType = sourcecode.swift; path = MGDockView.swift; sourceTree = "<group>"; };
		C0FD03861F24722E00927AAC /* MGIconView.swift */ = {isa = PBXFileReference; fileEncoding = 4; lastKnownFileType = sourcecode.swift; path = MGIconView.swift; sourceTree = "<group>"; };
		C0FD03881F24723E00927AAC /* MGTabBar.swift */ = {isa = PBXFileReference; fileEncoding = 4; lastKnownFileType = sourcecode.swift; path = MGTabBar.swift; sourceTree = "<group>"; };
		C0FD038A1F24724800927AAC /* MGToolBar.swift */ = {isa = PBXFileReference; fileEncoding = 4; lastKnownFileType = sourcecode.swift; path = MGToolBar.swift; sourceTree = "<group>"; };
		C0FD038C1F247C9300927AAC /* MGTabBarButton.swift */ = {isa = PBXFileReference; fileEncoding = 4; lastKnownFileType = sourcecode.swift; path = MGTabBarButton.swift; sourceTree = "<group>"; };
		C0FD038F1F2493AF00927AAC /* HomeViewController.swift */ = {isa = PBXFileReference; fileEncoding = 4; lastKnownFileType = sourcecode.swift; path = HomeViewController.swift; sourceTree = "<group>"; };
		C0FD03911F2493FB00927AAC /* Mine.storyboard */ = {isa = PBXFileReference; fileEncoding = 4; lastKnownFileType = file.storyboard; path = Mine.storyboard; sourceTree = "<group>"; };
		C0FD03921F2493FB00927AAC /* MineViewController.swift */ = {isa = PBXFileReference; fileEncoding = 4; lastKnownFileType = sourcecode.swift; path = MineViewController.swift; sourceTree = "<group>"; };
		C0FD03931F2493FB00927AAC /* QRCodeViewController.swift */ = {isa = PBXFileReference; fileEncoding = 4; lastKnownFileType = sourcecode.swift; path = QRCodeViewController.swift; sourceTree = "<group>"; };
		C0FD03981F24952A00927AAC /* SBTools.swift */ = {isa = PBXFileReference; fileEncoding = 4; lastKnownFileType = sourcecode.swift; path = SBTools.swift; sourceTree = "<group>"; };
		C0FD03991F24952A00927AAC /* SaveTools.swift */ = {isa = PBXFileReference; fileEncoding = 4; lastKnownFileType = sourcecode.swift; path = SaveTools.swift; sourceTree = "<group>"; };
		C0FD039E1F249A9900927AAC /* MGWelcomeViewController.swift */ = {isa = PBXFileReference; fileEncoding = 4; lastKnownFileType = sourcecode.swift; path = MGWelcomeViewController.swift; sourceTree = "<group>"; };
		C0FD03A01F249AD000927AAC /* MGWelcomeAVPlayerViewController.swift */ = {isa = PBXFileReference; fileEncoding = 4; lastKnownFileType = sourcecode.swift; path = MGWelcomeAVPlayerViewController.swift; sourceTree = "<group>"; };
		C0FD03A21F249BC700927AAC /* login_video.mp4 */ = {isa = PBXFileReference; lastKnownFileType = file; path = login_video.mp4; sourceTree = "<group>"; };
		C0FD03A31F249BC700927AAC /* opening_long.mp4 */ = {isa = PBXFileReference; lastKnownFileType = file; path = opening_long.mp4; sourceTree = "<group>"; };
		C0FD03A41F249BC700927AAC /* loginmovie.mp4 */ = {isa = PBXFileReference; lastKnownFileType = file; path = loginmovie.mp4; sourceTree = "<group>"; };
		C0FD03A51F249BC700927AAC /* qidong.mp4 */ = {isa = PBXFileReference; lastKnownFileType = file; path = qidong.mp4; sourceTree = "<group>"; };
		C9D3939968C67F155513D2F7 /* Pods-QQZero.release.xcconfig */ = {isa = PBXFileReference; includeInIndex = 1; lastKnownFileType = text.xcconfig; name = "Pods-QQZero.release.xcconfig"; path = "Pods/Target Support Files/Pods-QQZero/Pods-QQZero.release.xcconfig"; sourceTree = "<group>"; };
/* End PBXFileReference section */

/* Begin PBXFrameworksBuildPhase section */
		C0FD03441F245E6500927AAC /* Frameworks */ = {
			isa = PBXFrameworksBuildPhase;
			buildActionMask = 2147483647;
			files = (
				06127EE11DAB0AFEF6DA3734 /* Pods_QQZero.framework in Frameworks */,
			);
			runOnlyForDeploymentPostprocessing = 0;
		};
/* End PBXFrameworksBuildPhase section */

/* Begin PBXGroup section */
		17CFDADA538E2F5E0C620FF5 /* Frameworks */ = {
			isa = PBXGroup;
			children = (
				34155895648939DD7DD8647A /* Pods_QQZero.framework */,
			);
			name = Frameworks;
			sourceTree = "<group>";
		};
		72C13972DDB6DA021AEC0D80 /* Pods */ = {
			isa = PBXGroup;
			children = (
				0EB0AF59927D6B4E84556F25 /* Pods-QQZero.debug.xcconfig */,
				C9D3939968C67F155513D2F7 /* Pods-QQZero.release.xcconfig */,
			);
			name = Pods;
			sourceTree = "<group>";
		};
		C0FD033E1F245E6500927AAC = {
			isa = PBXGroup;
			children = (
				C0FD03491F245E6500927AAC /* QQZero */,
				C0FD03481F245E6500927AAC /* Products */,
				72C13972DDB6DA021AEC0D80 /* Pods */,
				17CFDADA538E2F5E0C620FF5 /* Frameworks */,
			);
			sourceTree = "<group>";
		};
		C0FD03481F245E6500927AAC /* Products */ = {
			isa = PBXGroup;
			children = (
				C0FD03471F245E6500927AAC /* QQZero.app */,
			);
			name = Products;
			sourceTree = "<group>";
		};
		C0FD03491F245E6500927AAC /* QQZero */ = {
			isa = PBXGroup;
			children = (
				C0FD034A1F245E6500927AAC /* AppDelegate.swift */,
				C0FD034C1F245E6500927AAC /* LoginViewController.swift */,
				C0FD038E1F2493AF00927AAC /* Controller  */,
				C0FD03831F2464C200927AAC /* View */,
				C0FD035C1F24600700927AAC /* Extesion */,
				C0FD03971F24952000927AAC /* Tools */,
				C0FD034E1F245E6500927AAC /* Main.storyboard */,
				C0FD03511F245E6500927AAC /* Assets.xcassets */,
				C0FD03531F245E6500927AAC /* LaunchScreen.storyboard */,
				C0FD03561F245E6500927AAC /* Info.plist */,
				C0FD03A21F249BC700927AAC /* login_video.mp4 */,
				C0FD03A31F249BC700927AAC /* opening_long.mp4 */,
				C0FD03A41F249BC700927AAC /* loginmovie.mp4 */,
				C0FD03A51F249BC700927AAC /* qidong.mp4 */,
			);
			path = QQZero;
			sourceTree = "<group>";
		};
		C0FD035C1F24600700927AAC /* Extesion */ = {
			isa = PBXGroup;
			children = (
				C0FD035D1F24600700927AAC /* Category(扩展) */,
				C0FD036A1F24600700927AAC /* Constant.swift */,
				C0FD036B1F24600700927AAC /* Inherit(继承) */,
			);
			path = Extesion;
			sourceTree = "<group>";
		};
		C0FD035D1F24600700927AAC /* Category(扩展) */ = {
			isa = PBXGroup;
			children = (
				C0FD035E1F24600700927AAC /* Array+Extension.swift */,
				C0FD035F1F24600700927AAC /* CALayer+Extension.swift */,
				C0FD03601F24600700927AAC /* NSObject+Extension.swift */,
				C0FD03611F24600700927AAC /* String+Extension.swift */,
				C0FD03621F24600700927AAC /* UIAlertView+Extension.swift */,
				C0FD03631F24600700927AAC /* UIBUtton+Extension.swift */,
				C0FD03641F24600700927AAC /* UIColor+Extension.swift */,
				C0FD03651F24600700927AAC /* UIImage+Extension.swift */,
				C0FD03661F24600700927AAC /* UIImageView+Extension.swift */,
				C0FD03671F24600700927AAC /* UILabel+Extension.swift */,
				C0FD03681F24600700927AAC /* UIView+Extension.swift */,
				C0FD03691F24600700927AAC /* UIViewController+Extension.swift */,
			);
			path = "Category(扩展)";
			sourceTree = "<group>";
		};
		C0FD036B1F24600700927AAC /* Inherit(继承) */ = {
			isa = PBXGroup;
			children = (
				C0FD036C1F24600700927AAC /* CornersLabel.swift */,
				C0FD036D1F24600700927AAC /* MGButton.swift */,
				C0FD036E1F24600700927AAC /* MoreButton.swift */,
				C0FD036F1F24600700927AAC /* TitleButton.swift */,
			);
			path = "Inherit(继承)";
			sourceTree = "<group>";
		};
		C0FD03831F2464C200927AAC /* View */ = {
			isa = PBXGroup;
			children = (
				C0FD03841F2464D600927AAC /* MGDockView.swift */,
				C0FD03861F24722E00927AAC /* MGIconView.swift */,
				C0FD03881F24723E00927AAC /* MGTabBar.swift */,
				C0FD038A1F24724800927AAC /* MGToolBar.swift */,
				C0FD038C1F247C9300927AAC /* MGTabBarButton.swift */,
			);
			path = View;
			sourceTree = "<group>";
		};
		C0FD038E1F2493AF00927AAC /* Controller  */ = {
			isa = PBXGroup;
			children = (
				C0FD038F1F2493AF00927AAC /* HomeViewController.swift */,
				C0FD03911F2493FB00927AAC /* Mine.storyboard */,
				C0FD03921F2493FB00927AAC /* MineViewController.swift */,
				C0FD03931F2493FB00927AAC /* QRCodeViewController.swift */,
				C0FD039E1F249A9900927AAC /* MGWelcomeViewController.swift */,
				C0FD03A01F249AD000927AAC /* MGWelcomeAVPlayerViewController.swift */,
			);
			path = "Controller ";
			sourceTree = "<group>";
		};
		C0FD03971F24952000927AAC /* Tools */ = {
			isa = PBXGroup;
			children = (
				C0FD03981F24952A00927AAC /* SBTools.swift */,
				C0FD03991F24952A00927AAC /* SaveTools.swift */,
			);
			path = Tools;
			sourceTree = "<group>";
		};
/* End PBXGroup section */

/* Begin PBXNativeTarget section */
		C0FD03461F245E6500927AAC /* QQZero */ = {
			isa = PBXNativeTarget;
			buildConfigurationList = C0FD03591F245E6500927AAC /* Build configuration list for PBXNativeTarget "QQZero" */;
			buildPhases = (
				1813BA08607307922783B1BA /* [CP] Check Pods Manifest.lock */,
				C0FD03431F245E6500927AAC /* Sources */,
				C0FD03441F245E6500927AAC /* Frameworks */,
				C0FD03451F245E6500927AAC /* Resources */,
				CF6E9F0976CD5D15D7E2F777 /* [CP] Embed Pods Frameworks */,
				E648DCA96B3250B115D2A4F6 /* [CP] Copy Pods Resources */,
			);
			buildRules = (
			);
			dependencies = (
			);
			name = QQZero;
			productName = QQZero;
			productReference = C0FD03471F245E6500927AAC /* QQZero.app */;
			productType = "com.apple.product-type.application";
		};
/* End PBXNativeTarget section */

/* Begin PBXProject section */
		C0FD033F1F245E6500927AAC /* Project object */ = {
			isa = PBXProject;
			attributes = {
				CLASSPREFIX = MG;
				LastSwiftUpdateCheck = 0830;
				LastUpgradeCheck = 0830;
				ORGANIZATIONNAME = "i-Techsys";
				TargetAttributes = {
					C0FD03461F245E6500927AAC = {
						CreatedOnToolsVersion = 8.3.3;
						DevelopmentTeam = H54L47S422;
						ProvisioningStyle = Automatic;
					};
				};
			};
			buildConfigurationList = C0FD03421F245E6500927AAC /* Build configuration list for PBXProject "QQZero" */;
			compatibilityVersion = "Xcode 3.2";
			developmentRegion = English;
			hasScannedForEncodings = 0;
			knownRegions = (
				en,
				Base,
			);
			mainGroup = C0FD033E1F245E6500927AAC;
			productRefGroup = C0FD03481F245E6500927AAC /* Products */;
			projectDirPath = "";
			projectRoot = "";
			targets = (
				C0FD03461F245E6500927AAC /* QQZero */,
			);
		};
/* End PBXProject section */

/* Begin PBXResourcesBuildPhase section */
		C0FD03451F245E6500927AAC /* Resources */ = {
			isa = PBXResourcesBuildPhase;
			buildActionMask = 2147483647;
			files = (
				C0FD03551F245E6500927AAC /* LaunchScreen.storyboard in Resources */,
				C0FD03521F245E6500927AAC /* Assets.xcassets in Resources */,
				C0FD03A71F249BC700927AAC /* opening_long.mp4 in Resources */,
				C0FD03A91F249BC700927AAC /* qidong.mp4 in Resources */,
				C0FD03A81F249BC700927AAC /* loginmovie.mp4 in Resources */,
				C0FD03501F245E6500927AAC /* Main.storyboard in Resources */,
				C0FD03A61F249BC700927AAC /* login_video.mp4 in Resources */,
				C0FD03941F2493FB00927AAC /* Mine.storyboard in Resources */,
			);
			runOnlyForDeploymentPostprocessing = 0;
		};
/* End PBXResourcesBuildPhase section */

/* Begin PBXShellScriptBuildPhase section */
		1813BA08607307922783B1BA /* [CP] Check Pods Manifest.lock */ = {
			isa = PBXShellScriptBuildPhase;
			buildActionMask = 2147483647;
			files = (
			);
			inputPaths = (
			);
			name = "[CP] Check Pods Manifest.lock";
			outputPaths = (
			);
			runOnlyForDeploymentPostprocessing = 0;
			shellPath = /bin/sh;
			shellScript = "diff \"${PODS_ROOT}/../Podfile.lock\" \"${PODS_ROOT}/Manifest.lock\" > /dev/null\nif [ $? != 0 ] ; then\n    # print error to STDERR\n    echo \"error: The sandbox is not in sync with the Podfile.lock. Run 'pod install' or update your CocoaPods installation.\" >&2\n    exit 1\nfi\n";
			showEnvVarsInLog = 0;
		};
		CF6E9F0976CD5D15D7E2F777 /* [CP] Embed Pods Frameworks */ = {
			isa = PBXShellScriptBuildPhase;
			buildActionMask = 2147483647;
			files = (
			);
			inputPaths = (
			);
			name = "[CP] Embed Pods Frameworks";
			outputPaths = (
			);
			runOnlyForDeploymentPostprocessing = 0;
			shellPath = /bin/sh;
			shellScript = "\"${SRCROOT}/Pods/Target Support Files/Pods-QQZero/Pods-QQZero-frameworks.sh\"\n";
			showEnvVarsInLog = 0;
		};
		E648DCA96B3250B115D2A4F6 /* [CP] Copy Pods Resources */ = {
			isa = PBXShellScriptBuildPhase;
			buildActionMask = 2147483647;
			files = (
			);
			inputPaths = (
			);
			name = "[CP] Copy Pods Resources";
			outputPaths = (
			);
			runOnlyForDeploymentPostprocessing = 0;
			shellPath = /bin/sh;
			shellScript = "\"${SRCROOT}/Pods/Target Support Files/Pods-QQZero/Pods-QQZero-resources.sh\"\n";
			showEnvVarsInLog = 0;
		};
/* End PBXShellScriptBuildPhase section */

/* Begin PBXSourcesBuildPhase section */
		C0FD03431F245E6500927AAC /* Sources */ = {
			isa = PBXSourcesBuildPhase;
			buildActionMask = 2147483647;
			files = (
				C0FD03721F24600700927AAC /* NSObject+Extension.swift in Sources */,
				C0FD03951F2493FB00927AAC /* MineViewController.swift in Sources */,
				C0FD038B1F24724800927AAC /* MGToolBar.swift in Sources */,
				C0FD037A1F24600700927AAC /* UIView+Extension.swift in Sources */,
				C0FD037C1F24600700927AAC /* Constant.swift in Sources */,
				C0FD03701F24600700927AAC /* Array+Extension.swift in Sources */,
				C0FD034D1F245E6500927AAC /* LoginViewController.swift in Sources */,
				C0FD037B1F24600700927AAC /* UIViewController+Extension.swift in Sources */,
				C0FD03761F24600700927AAC /* UIColor+Extension.swift in Sources */,
				C0FD03891F24723E00927AAC /* MGTabBar.swift in Sources */,
				C0FD034B1F245E6500927AAC /* AppDelegate.swift in Sources */,
				C0FD038D1F247C9300927AAC /* MGTabBarButton.swift in Sources */,
				C0FD03A11F249AD000927AAC /* MGWelcomeAVPlayerViewController.swift in Sources */,
				C0FD03901F2493AF00927AAC /* HomeViewController.swift in Sources */,
				C0FD03731F24600700927AAC /* String+Extension.swift in Sources */,
				C0FD039A1F24952A00927AAC /* SBTools.swift in Sources */,
				C0FD039B1F24952A00927AAC /* SaveTools.swift in Sources */,
				C0FD037D1F24600700927AAC /* CornersLabel.swift in Sources */,
				C0FD03801F24600700927AAC /* TitleButton.swift in Sources */,
				C0FD03871F24722E00927AAC /* MGIconView.swift in Sources */,
				C0FD03751F24600700927AAC /* UIBUtton+Extension.swift in Sources */,
				C0FD03781F24600700927AAC /* UIImageView+Extension.swift in Sources */,
				C0FD03791F24600700927AAC /* UILabel+Extension.swift in Sources */,
				C0FD03851F2464D600927AAC /* MGDockView.swift in Sources */,
				C0FD037E1F24600700927AAC /* MGButton.swift in Sources */,
				C0FD03771F24600700927AAC /* UIImage+Extension.swift in Sources */,
				C0FD03741F24600700927AAC /* UIAlertView+Extension.swift in Sources */,
				C0FD03961F2493FB00927AAC /* QRCodeViewController.swift in Sources */,
				C0FD037F1F24600700927AAC /* MoreButton.swift in Sources */,
				C0FD03711F24600700927AAC /* CALayer+Extension.swift in Sources */,
				C0FD039F1F249A9A00927AAC /* MGWelcomeViewController.swift in Sources */,
			);
			runOnlyForDeploymentPostprocessing = 0;
		};
/* End PBXSourcesBuildPhase section */

/* Begin PBXVariantGroup section */
		C0FD034E1F245E6500927AAC /* Main.storyboard */ = {
			isa = PBXVariantGroup;
			children = (
				C0FD034F1F245E6500927AAC /* Base */,
			);
			name = Main.storyboard;
			sourceTree = "<group>";
		};
		C0FD03531F245E6500927AAC /* LaunchScreen.storyboard */ = {
			isa = PBXVariantGroup;
			children = (
				C0FD03541F245E6500927AAC /* Base */,
			);
			name = LaunchScreen.storyboard;
			sourceTree = "<group>";
		};
/* End PBXVariantGroup section */

/* Begin XCBuildConfiguration section */
		C0FD03571F245E6500927AAC /* Debug */ = {
			isa = XCBuildConfiguration;
			buildSettings = {
				ALWAYS_SEARCH_USER_PATHS = NO;
				CLANG_ANALYZER_NONNULL = YES;
				CLANG_ANALYZER_NUMBER_OBJECT_CONVERSION = YES_AGGRESSIVE;
				CLANG_CXX_LANGUAGE_STANDARD = "gnu++0x";
				CLANG_CXX_LIBRARY = "libc++";
				CLANG_ENABLE_MODULES = YES;
				CLANG_ENABLE_OBJC_ARC = YES;
				CLANG_WARN_BOOL_CONVERSION = YES;
				CLANG_WARN_CONSTANT_CONVERSION = YES;
				CLANG_WARN_DIRECT_OBJC_ISA_USAGE = YES_ERROR;
				CLANG_WARN_DOCUMENTATION_COMMENTS = YES;
				CLANG_WARN_EMPTY_BODY = YES;
				CLANG_WARN_ENUM_CONVERSION = YES;
				CLANG_WARN_INFINITE_RECURSION = YES;
				CLANG_WARN_INT_CONVERSION = YES;
				CLANG_WARN_OBJC_ROOT_CLASS = YES_ERROR;
				CLANG_WARN_SUSPICIOUS_MOVE = YES;
				CLANG_WARN_UNREACHABLE_CODE = YES;
				CLANG_WARN__DUPLICATE_METHOD_MATCH = YES;
				"CODE_SIGN_IDENTITY[sdk=iphoneos*]" = "iPhone Developer";
				COPY_PHASE_STRIP = NO;
				DEBUG_INFORMATION_FORMAT = dwarf;
				ENABLE_STRICT_OBJC_MSGSEND = YES;
				ENABLE_TESTABILITY = YES;
				GCC_C_LANGUAGE_STANDARD = gnu99;
				GCC_DYNAMIC_NO_PIC = NO;
				GCC_NO_COMMON_BLOCKS = YES;
				GCC_OPTIMIZATION_LEVEL = 0;
				GCC_PREPROCESSOR_DEFINITIONS = (
					"DEBUG=1",
					"$(inherited)",
				);
				GCC_WARN_64_TO_32_BIT_CONVERSION = YES;
				GCC_WARN_ABOUT_RETURN_TYPE = YES_ERROR;
				GCC_WARN_UNDECLARED_SELECTOR = YES;
				GCC_WARN_UNINITIALIZED_AUTOS = YES_AGGRESSIVE;
				GCC_WARN_UNUSED_FUNCTION = YES;
				GCC_WARN_UNUSED_VARIABLE = YES;
				IPHONEOS_DEPLOYMENT_TARGET = 10.3;
				MTL_ENABLE_DEBUG_INFO = YES;
				ONLY_ACTIVE_ARCH = YES;
				SDKROOT = iphoneos;
				SWIFT_ACTIVE_COMPILATION_CONDITIONS = DEBUG;
				SWIFT_OPTIMIZATION_LEVEL = "-Onone";
			};
			name = Debug;
		};
		C0FD03581F245E6500927AAC /* Release */ = {
			isa = XCBuildConfiguration;
			buildSettings = {
				ALWAYS_SEARCH_USER_PATHS = NO;
				CLANG_ANALYZER_NONNULL = YES;
				CLANG_ANALYZER_NUMBER_OBJECT_CONVERSION = YES_AGGRESSIVE;
				CLANG_CXX_LANGUAGE_STANDARD = "gnu++0x";
				CLANG_CXX_LIBRARY = "libc++";
				CLANG_ENABLE_MODULES = YES;
				CLANG_ENABLE_OBJC_ARC = YES;
				CLANG_WARN_BOOL_CONVERSION = YES;
				CLANG_WARN_CONSTANT_CONVERSION = YES;
				CLANG_WARN_DIRECT_OBJC_ISA_USAGE = YES_ERROR;
				CLANG_WARN_DOCUMENTATION_COMMENTS = YES;
				CLANG_WARN_EMPTY_BODY = YES;
				CLANG_WARN_ENUM_CONVERSION = YES;
				CLANG_WARN_INFINITE_RECURSION = YES;
				CLANG_WARN_INT_CONVERSION = YES;
				CLANG_WARN_OBJC_ROOT_CLASS = YES_ERROR;
				CLANG_WARN_SUSPICIOUS_MOVE = YES;
				CLANG_WARN_UNREACHABLE_CODE = YES;
				CLANG_WARN__DUPLICATE_METHOD_MATCH = YES;
				"CODE_SIGN_IDENTITY[sdk=iphoneos*]" = "iPhone Developer";
				COPY_PHASE_STRIP = NO;
				DEBUG_INFORMATION_FORMAT = "dwarf-with-dsym";
				ENABLE_NS_ASSERTIONS = NO;
				ENABLE_STRICT_OBJC_MSGSEND = YES;
				GCC_C_LANGUAGE_STANDARD = gnu99;
				GCC_NO_COMMON_BLOCKS = YES;
				GCC_WARN_64_TO_32_BIT_CONVERSION = YES;
				GCC_WARN_ABOUT_RETURN_TYPE = YES_ERROR;
				GCC_WARN_UNDECLARED_SELECTOR = YES;
				GCC_WARN_UNINITIALIZED_AUTOS = YES_AGGRESSIVE;
				GCC_WARN_UNUSED_FUNCTION = YES;
				GCC_WARN_UNUSED_VARIABLE = YES;
				IPHONEOS_DEPLOYMENT_TARGET = 10.3;
				MTL_ENABLE_DEBUG_INFO = NO;
				SDKROOT = iphoneos;
				SWIFT_OPTIMIZATION_LEVEL = "-Owholemodule";
				VALIDATE_PRODUCT = YES;
			};
			name = Release;
		};
		C0FD035A1F245E6500927AAC /* Debug */ = {
			isa = XCBuildConfiguration;
			baseConfigurationReference = 0EB0AF59927D6B4E84556F25 /* Pods-QQZero.debug.xcconfig */;
			buildSettings = {
				ASSETCATALOG_COMPILER_APPICON_NAME = AppIcon;
				DEVELOPMENT_TEAM = H54L47S422;
				INFOPLIST_FILE = QQZero/Info.plist;
				IPHONEOS_DEPLOYMENT_TARGET = 10.0;
				LD_RUNPATH_SEARCH_PATHS = "$(inherited) @executable_path/Frameworks";
				PRODUCT_BUNDLE_IDENTIFIER = "i-Techsys.com.QQZero";
				PRODUCT_NAME = "$(TARGET_NAME)";
				SWIFT_VERSION = 3.0;
				TARGETED_DEVICE_FAMILY = 2;
			};
			name = Debug;
		};
		C0FD035B1F245E6500927AAC /* Release */ = {
			isa = XCBuildConfiguration;
			baseConfigurationReference = C9D3939968C67F155513D2F7 /* Pods-QQZero.release.xcconfig */;
			buildSettings = {
				ASSETCATALOG_COMPILER_APPICON_NAME = AppIcon;
				DEVELOPMENT_TEAM = H54L47S422;
				INFOPLIST_FILE = QQZero/Info.plist;
				IPHONEOS_DEPLOYMENT_TARGET = 10.0;
				LD_RUNPATH_SEARCH_PATHS = "$(inherited) @executable_path/Frameworks";
				PRODUCT_BUNDLE_IDENTIFIER = "i-Techsys.com.QQZero";
				PRODUCT_NAME = "$(TARGET_NAME)";
				SWIFT_VERSION = 3.0;
				TARGETED_DEVICE_FAMILY = 2;
			};
			name = Release;
		};
/* End XCBuildConfiguration section */

/* Begin XCConfigurationList section */
		C0FD03421F245E6500927AAC /* Build configuration list for PBXProject "QQZero" */ = {
			isa = XCConfigurationList;
			buildConfigurations = (
				C0FD03571F245E6500927AAC /* Debug */,
				C0FD03581F245E6500927AAC /* Release */,
			);
			defaultConfigurationIsVisible = 0;
			defaultConfigurationName = Release;
		};
		C0FD03591F245E6500927AAC /* Build configuration list for PBXNativeTarget "QQZero" */ = {
			isa = XCConfigurationList;
			buildConfigurations = (
				C0FD035A1F245E6500927AAC /* Debug */,
				C0FD035B1F245E6500927AAC /* Release */,
			);
			defaultConfigurationIsVisible = 0;
			defaultConfigurationName = Release;
		};
/* End XCConfigurationList section */
	};
	rootObject = C0FD033F1F245E6500927AAC /* Project object */;
}
